<?xml version="1.0" encoding="utf-8"?>
<Project ToolsVersion="4.0" xmlns="http://schemas.microsoft.com/developer/msbuild/2003">
  <ItemGroup>
    <Filter Include="Source Files">
      <UniqueIdentifier>{4FC737F1-C7A5-4376-A066-2A32D752A2FF}</UniqueIdentifier>
      <Extensions>cpp;c;cc;cxx;c++;cppm;ixx;def;odl;idl;hpj;bat;asm;asmx</Extensions>
    </Filter>
    <Filter Include="Header Files">
      <UniqueIdentifier>{93995380-89BD-4b04-88EB-625FBE52EBFB}</UniqueIdentifier>
      <Extensions>h;hh;hpp;hxx;h++;hm;inl;inc;ipp;xsd</Extensions>
    </Filter>
    <Filter Include="Resource Files">
      <UniqueIdentifier>{67DA6AB6-F800-4c08-8B7A-83BB121AAD01}</UniqueIdentifier>
      <Extensions>rc;ico;cur;bmp;dlg;rc2;rct;bin;rgs;gif;jpg;jpeg;jpe;resx;tiff;tif;png;wav;mfcribbon-ms</Extensions>
    </Filter>
    <Filter Include="lib">
      <UniqueIdentifier>{bfb9de7d-1553-4239-9985-33512d795aea}</UniqueIdentifier>
    </Filter>
    <Filter Include="shaders">
      <UniqueIdentifier>{9d1eb5bf-7696-420e-90b4-cadeddd51c9d}</UniqueIdentifier>
    </Filter>
  </ItemGroup>
  <ItemGroup>
    <ClCompile Include="main.c">
      <Filter>Source Files</Filter>
    </ClCompile>
    <ClCompile Include="lib\platform_windows.c">
      <Filter>Source Files</Filter>
    </ClCompile>
  </ItemGroup>
  <ItemGroup>
    <ClInclude Include="gl.h">
      <Filter>Header Files</Filter>
    </ClInclude>
    <ClInclude Include="gl_debug_output.h">
      <Filter>Header Files</Filter>
    </ClInclude>
    <ClInclude Include="gl_shader_util.h">
      <Filter>Header Files</Filter>
    </ClInclude>
    <ClInclude Include="gl_texture_util.h">
      <Filter>Header Files</Filter>
    </ClInclude>
    <ClInclude Include="..\..\c_renderer\lib\_test.h">
      <Filter>lib</Filter>
    </ClInclude>
    <ClInclude Include="..\..\c_renderer\lib\_test_array.h">
      <Filter>lib</Filter>
    </ClInclude>
    <ClInclude Include="..\..\c_renderer\lib\_test_base64.h">
      <Filter>lib</Filter>
    </ClInclude>
    <ClInclude Include="..\..\c_renderer\lib\_test_hash_index.h">
      <Filter>lib</Filter>
    </ClInclude>
    <ClInclude Include="..\..\c_renderer\lib\_test_hash_table.h">
      <Filter>lib</Filter>
    </ClInclude>
    <ClInclude Include="..\..\c_renderer\lib\_test_image.h">
      <Filter>lib</Filter>
    </ClInclude>
    <ClInclude Include="..\..\c_renderer\lib\_test_log.h">
      <Filter>lib</Filter>
    </ClInclude>
    <ClInclude Include="..\..\c_renderer\lib\_test_lpf.h">
      <Filter>lib</Filter>
    </ClInclude>
    <ClInclude Include="..\..\c_renderer\lib\_test_math.h">
      <Filter>lib</Filter>
    </ClInclude>
    <ClInclude Include="..\..\c_renderer\lib\_test_random.h">
      <Filter>lib</Filter>
    </ClInclude>
    <ClInclude Include="..\..\c_renderer\lib\_test_stable_array.h">
      <Filter>lib</Filter>
    </ClInclude>
    <ClInclude Include="..\..\c_renderer\lib\_test_unicode.h">
      <Filter>lib</Filter>
    </ClInclude>
    <ClInclude Include="..\..\c_renderer\lib\allocator.h">
      <Filter>lib</Filter>
    </ClInclude>
    <ClInclude Include="..\..\c_renderer\lib\allocator_debug.h">
      <Filter>lib</Filter>
    </ClInclude>
    <ClInclude Include="..\..\c_renderer\lib\allocator_failing.h">
      <Filter>lib</Filter>
    </ClInclude>
    <ClInclude Include="..\..\c_renderer\lib\allocator_malloc.h">
      <Filter>lib</Filter>
    </ClInclude>
    <ClInclude Include="..\..\c_renderer\lib\allocator_stack.h">
      <Filter>lib</Filter>
    </ClInclude>
    <ClInclude Include="..\..\c_renderer\lib\allocator_wrapper.h">
      <Filter>lib</Filter>
    </ClInclude>
    <ClInclude Include="..\..\c_renderer\lib\array.h">
      <Filter>lib</Filter>
    </ClInclude>
    <ClInclude Include="..\..\c_renderer\lib\assert.h">
      <Filter>lib</Filter>
    </ClInclude>
    <ClInclude Include="..\..\c_renderer\lib\base64.h">
      <Filter>lib</Filter>
    </ClInclude>
    <ClInclude Include="..\..\c_renderer\lib\defines.h">
      <Filter>lib</Filter>
    </ClInclude>
    <ClInclude Include="..\..\c_renderer\lib\error.h">
      <Filter>lib</Filter>
    </ClInclude>
    <ClInclude Include="..\..\c_renderer\lib\file.h">
      <Filter>lib</Filter>
    </ClInclude>
    <ClInclude Include="..\..\c_renderer\lib\format.h">
      <Filter>lib</Filter>
    </ClInclude>
    <ClInclude Include="..\..\c_renderer\lib\format_lpf.h">
      <Filter>lib</Filter>
    </ClInclude>
    <ClInclude Include="..\..\c_renderer\lib\format_netbpm.h">
      <Filter>lib</Filter>
    </ClInclude>
    <ClInclude Include="..\..\c_renderer\lib\guid.h">
      <Filter>lib</Filter>
    </ClInclude>
    <ClInclude Include="..\..\c_renderer\lib\handle_table.h">
      <Filter>lib</Filter>
    </ClInclude>
    <ClInclude Include="..\..\c_renderer\lib\hash.h">
      <Filter>lib</Filter>
    </ClInclude>
    <ClInclude Include="..\..\c_renderer\lib\hash_index.h">
      <Filter>lib</Filter>
    </ClInclude>
    <ClInclude Include="..\..\c_renderer\lib\hash_index_template.h">
      <Filter>lib</Filter>
    </ClInclude>
    <ClInclude Include="..\..\c_renderer\lib\hash_string.h">
      <Filter>lib</Filter>
    </ClInclude>
    <ClInclude Include="..\..\c_renderer\lib\hash_table.h">
      <Filter>lib</Filter>
    </ClInclude>
    <ClInclude Include="..\..\c_renderer\lib\image.h">
      <Filter>lib</Filter>
    </ClInclude>
    <ClInclude Include="..\..\c_renderer\lib\log.h">
      <Filter>lib</Filter>
    </ClInclude>
    <ClInclude Include="..\..\c_renderer\lib\logger_file.h">
      <Filter>lib</Filter>
    </ClInclude>
    <ClInclude Include="..\..\c_renderer\lib\logger_memory.h">
      <Filter>lib</Filter>
    </ClInclude>
    <ClInclude Include="..\..\c_renderer\lib\math.h">
      <Filter>lib</Filter>
    </ClInclude>
    <ClInclude Include="..\..\c_renderer\lib\parse.h">
      <Filter>lib</Filter>
    </ClInclude>
    <ClInclude Include="..\..\c_renderer\lib\perf.h">
      <Filter>lib</Filter>
    </ClInclude>
    <ClInclude Include="..\..\c_renderer\lib\platform.h">
      <Filter>lib</Filter>
    </ClInclude>
    <ClInclude Include="..\..\c_renderer\lib\profile.h">
      <Filter>lib</Filter>
    </ClInclude>
    <ClInclude Include="..\..\c_renderer\lib\random.h">
      <Filter>lib</Filter>
    </ClInclude>
    <ClInclude Include="..\..\c_renderer\lib\serialize.h">
      <Filter>lib</Filter>
    </ClInclude>
    <ClInclude Include="..\..\c_renderer\lib\stable_array.h">
      <Filter>lib</Filter>
    </ClInclude>
    <ClInclude Include="..\..\c_renderer\lib\string.h">
      <Filter>lib</Filter>
    </ClInclude>
    <ClInclude Include="..\..\c_renderer\lib\time.h">
      <Filter>lib</Filter>
    </ClInclude>
    <ClInclude Include="..\..\c_renderer\lib\unicode.h">
      <Filter>lib</Filter>
    </ClInclude>
    <ClInclude Include="..\..\c_renderer\lib\vformat.h">
      <Filter>lib</Filter>
    </ClInclude>
    <ClInclude Include="temp.h">
      <Filter>Header Files</Filter>
    </ClInclude>
  </ItemGroup>
  <ItemGroup>
    <None Include="shaders\test.comp">
      <Filter>shaders</Filter>
    </None>
    <None Include="shaders\sci_color.frag_vert">
      <Filter>shaders</Filter>
    </None>
    <None Include="shaders\identity_color.frag_vert">
      <Filter>shaders</Filter>
    </None>
    <None Include="shaders\heat_trasnfer.comp">
      <Filter>shaders</Filter>
    </None>
    <None Include="shaders\allen_cahn.comp">
      <Filter>shaders</Filter>
    </None>
  </ItemGroup>
</Project>